
Microsoft Visual Studio Solution File, Format Version 12.00
# Visual Studio Version 16
VisualStudioVersion = 16.0.32002.261
MinimumVisualStudioVersion = 10.0.40219.1
Project("{FAE04EC0-301F-11D3-BF4B-00C04F79EFBC}") = "ATM_System", "ATM_System\ATM_System.csproj", "{605B5A25-6CCA-4E3B-B900-9938A3B6BFCB}"
EndProject
Global
	GlobalSection(SolutionConfigurationPlatforms) = preSolution
		Debug|Any CPU = Debug|Any CPU
		Release|Any CPU = Release|Any CPU
	EndGlobalSection
	GlobalSection(ProjectConfigurationPlatforms) = postSolution
		{605B5A25-6CCA-4E3B-B900-9938A3B6BFCB}.Debug|Any CPU.ActiveCfg = Debug|Any CPU
		{605B5A25-6CCA-4E3B-B900-9938A3B6BFCB}.Debug|Any CPU.Build.0 = Debug|Any CPU
		{605B5A25-6CCA-4E3B-B900-9938A3B6BFCB}.Release|Any CPU.ActiveCfg = Release|Any CPU
		{605B5A25-6CCA-4E3B-B900-9938A3B6BFCB}.Release|Any CPU.Build.0 = Release|Any CPU
	EndGlobalSection
	GlobalSection(SolutionProperties) = preSolution
		HideSolutionNode = FALSE
	EndGlobalSection
	GlobalSection(ExtensibilityGlobals) = postSolution
		SolutionGuid = {61F9B218-79DB-42B1-9B46-2B47C20E6C7F}
	EndGlobalSection
EndGlobal
